
Microsoft Visual Studio Solution File, Format Version 12.00
# Visual Studio Version 17
VisualStudioVersion = 17.4.33213.308
MinimumVisualStudioVersion = 10.0.40219.1
Project("{9A19103F-16F7-4668-BE54-9A1E7A4F7556}") = "Lock", "Lock\Lock.csproj", "{D6D7A7CD-E6F4-43BF-A6A9-0F6268360837}"
EndProject
Project("{9A19103F-16F7-4668-BE54-9A1E7A4F7556}") = "Human", "Human\Human.csproj", "{C991C6D6-1C77-4276-B164-D929CC6C95B2}"
EndProject
Project("{9A19103F-16F7-4668-BE54-9A1E7A4F7556}") = "Monitor", "Monitor\Monitor.csproj", "{4D5A55EB-CB13-49F3-89E0-DE573F74D1AD}"
EndProject
Project("{9A19103F-16F7-4668-BE54-9A1E7A4F7556}") = "Mutex", "Mutex\Mutex.csproj", "{CB6BC16D-9C2D-434D-B83C-357A0CF32880}"
EndProject
Project("{9A19103F-16F7-4668-BE54-9A1E7A4F7556}") = "Semaphore", "Semaphore\Semaphore.csproj", "{2E8113A7-CE42-47D7-A910-29E39CF1F1FE}"
EndProject
Project("{FAE04EC0-301F-11D3-BF4B-00C04F79EFBC}") = "Laptop", "Laptop\Laptop.csproj", "{1AE3810E-FF16-494D-A546-F62E7F6DF875}"
EndProject
Global
	GlobalSection(SolutionConfigurationPlatforms) = preSolution
		Debug|Any CPU = Debug|Any CPU
		Release|Any CPU = Release|Any CPU
	EndGlobalSection
	GlobalSection(ProjectConfigurationPlatforms) = postSolution
		{D6D7A7CD-E6F4-43BF-A6A9-0F6268360837}.Debug|Any CPU.ActiveCfg = Debug|Any CPU
		{D6D7A7CD-E6F4-43BF-A6A9-0F6268360837}.Debug|Any CPU.Build.0 = Debug|Any CPU
		{D6D7A7CD-E6F4-43BF-A6A9-0F6268360837}.Release|Any CPU.ActiveCfg = Release|Any CPU
		{D6D7A7CD-E6F4-43BF-A6A9-0F6268360837}.Release|Any CPU.Build.0 = Release|Any CPU
		{C991C6D6-1C77-4276-B164-D929CC6C95B2}.Debug|Any CPU.ActiveCfg = Debug|Any CPU
		{C991C6D6-1C77-4276-B164-D929CC6C95B2}.Debug|Any CPU.Build.0 = Debug|Any CPU
		{C991C6D6-1C77-4276-B164-D929CC6C95B2}.Release|Any CPU.ActiveCfg = Release|Any CPU
		{C991C6D6-1C77-4276-B164-D929CC6C95B2}.Release|Any CPU.Build.0 = Release|Any CPU
		{4D5A55EB-CB13-49F3-89E0-DE573F74D1AD}.Debug|Any CPU.ActiveCfg = Debug|Any CPU
		{4D5A55EB-CB13-49F3-89E0-DE573F74D1AD}.Debug|Any CPU.Build.0 = Debug|Any CPU
		{4D5A55EB-CB13-49F3-89E0-DE573F74D1AD}.Release|Any CPU.ActiveCfg = Release|Any CPU
		{4D5A55EB-CB13-49F3-89E0-DE573F74D1AD}.Release|Any CPU.Build.0 = Release|Any CPU
		{CB6BC16D-9C2D-434D-B83C-357A0CF32880}.Debug|Any CPU.ActiveCfg = Debug|Any CPU
		{CB6BC16D-9C2D-434D-B83C-357A0CF32880}.Debug|Any CPU.Build.0 = Debug|Any CPU
		{CB6BC16D-9C2D-434D-B83C-357A0CF32880}.Release|Any CPU.ActiveCfg = Release|Any CPU
		{CB6BC16D-9C2D-434D-B83C-357A0CF32880}.Release|Any CPU.Build.0 = Release|Any CPU
		{2E8113A7-CE42-47D7-A910-29E39CF1F1FE}.Debug|Any CPU.ActiveCfg = Debug|Any CPU
		{2E8113A7-CE42-47D7-A910-29E39CF1F1FE}.Debug|Any CPU.Build.0 = Debug|Any CPU
		{2E8113A7-CE42-47D7-A910-29E39CF1F1FE}.Release|Any CPU.ActiveCfg = Release|Any CPU
		{2E8113A7-CE42-47D7-A910-29E39CF1F1FE}.Release|Any CPU.Build.0 = Release|Any CPU
		{1AE3810E-FF16-494D-A546-F62E7F6DF875}.Debug|Any CPU.ActiveCfg = Debug|Any CPU
		{1AE3810E-FF16-494D-A546-F62E7F6DF875}.Debug|Any CPU.Build.0 = Debug|Any CPU
		{1AE3810E-FF16-494D-A546-F62E7F6DF875}.Release|Any CPU.ActiveCfg = Release|Any CPU
		{1AE3810E-FF16-494D-A546-F62E7F6DF875}.Release|Any CPU.Build.0 = Release|Any CPU
	EndGlobalSection
	GlobalSection(SolutionProperties) = preSolution
		HideSolutionNode = FALSE
	EndGlobalSection
	GlobalSection(ExtensibilityGlobals) = postSolution
		SolutionGuid = {32BBAC2F-E608-4994-9C20-1AAE47DF47F0}
	EndGlobalSection
EndGlobal
